
Microsoft Visual Studio Solution File, Format Version 12.00
# Visual Studio Version 17
VisualStudioVersion = 17.3.32819.101
MinimumVisualStudioVersion = 10.0.40219.1
Project("{FAE04EC0-301F-11D3-BF4B-00C04F79EFBC}") = "Hotel", "Hotel\Hotel.csproj", "{E97AB01A-FD56-48C7-B877-1D03AC905C73}"
EndProject
Global
	GlobalSection(SolutionConfigurationPlatforms) = preSolution
		Debug|Any CPU = Debug|Any CPU
		Release|Any CPU = Release|Any CPU
	EndGlobalSection
	GlobalSection(ProjectConfigurationPlatforms) = postSolution
		{E97AB01A-FD56-48C7-B877-1D03AC905C73}.Debug|Any CPU.ActiveCfg = Debug|Any CPU
		{E97AB01A-FD56-48C7-B877-1D03AC905C73}.Debug|Any CPU.Build.0 = Debug|Any CPU
		{E97AB01A-FD56-48C7-B877-1D03AC905C73}.Release|Any CPU.ActiveCfg = Release|Any CPU
		{E97AB01A-FD56-48C7-B877-1D03AC905C73}.Release|Any CPU.Build.0 = Release|Any CPU
	EndGlobalSection
	GlobalSection(SolutionProperties) = preSolution
		HideSolutionNode = FALSE
	EndGlobalSection
	GlobalSection(ExtensibilityGlobals) = postSolution
		SolutionGuid = {DB83D9B9-314D-4B8C-9954-71476145AD76}
	EndGlobalSection
EndGlobal
